
Microsoft Visual Studio Solution File, Format Version 12.00
# Visual Studio Version 17
VisualStudioVersion = 17.5.33502.453
MinimumVisualStudioVersion = 10.0.40219.1
Project("{FAE04EC0-301F-11D3-BF4B-00C04F79EFBC}") = "Acycl_GUI", "Acycl_GUI\Acycl_GUI.csproj", "{6744D5C8-AF25-467C-A19C-893AE9B90040}"
EndProject
Global
	GlobalSection(SolutionConfigurationPlatforms) = preSolution
		Debug|Any CPU = Debug|Any CPU
		Release|Any CPU = Release|Any CPU
	EndGlobalSection
	GlobalSection(ProjectConfigurationPlatforms) = postSolution
		{6744D5C8-AF25-467C-A19C-893AE9B90040}.Debug|Any CPU.ActiveCfg = Debug|Any CPU
		{6744D5C8-AF25-467C-A19C-893AE9B90040}.Debug|Any CPU.Build.0 = Debug|Any CPU
		{6744D5C8-AF25-467C-A19C-893AE9B90040}.Release|Any CPU.ActiveCfg = Release|Any CPU
		{6744D5C8-AF25-467C-A19C-893AE9B90040}.Release|Any CPU.Build.0 = Release|Any CPU
	EndGlobalSection
	GlobalSection(SolutionProperties) = preSolution
		HideSolutionNode = FALSE
	EndGlobalSection
	GlobalSection(ExtensibilityGlobals) = postSolution
		SolutionGuid = {798AED35-ECBB-46CE-B318-1760D41481F4}
	EndGlobalSection
EndGlobal
